
Microsoft Visual Studio Solution File, Format Version 12.00
# Visual Studio Version 17
VisualStudioVersion = 17.14.36221.1 d17.14
MinimumVisualStudioVersion = 10.0.40219.1
Project("{FAE04EC0-301F-11D3-BF4B-00C04F79EFBC}") = "ACTIVITY 8  Linked List in OOP", "ACTIVITY 8  Linked List in OOP\ACTIVITY 8  Linked List in OOP.csproj", "{079981C8-A117-4BDD-A3F7-777A491ADB0E}"
EndProject
Global
	GlobalSection(SolutionConfigurationPlatforms) = preSolution
		Debug|Any CPU = Debug|Any CPU
		Release|Any CPU = Release|Any CPU
	EndGlobalSection
	GlobalSection(ProjectConfigurationPlatforms) = postSolution
		{079981C8-A117-4BDD-A3F7-777A491ADB0E}.Debug|Any CPU.ActiveCfg = Debug|Any CPU
		{079981C8-A117-4BDD-A3F7-777A491ADB0E}.Debug|Any CPU.Build.0 = Debug|Any CPU
		{079981C8-A117-4BDD-A3F7-777A491ADB0E}.Release|Any CPU.ActiveCfg = Release|Any CPU
		{079981C8-A117-4BDD-A3F7-777A491ADB0E}.Release|Any CPU.Build.0 = Release|Any CPU
	EndGlobalSection
	GlobalSection(SolutionProperties) = preSolution
		HideSolutionNode = FALSE
	EndGlobalSection
	GlobalSection(ExtensibilityGlobals) = postSolution
		SolutionGuid = {05B10E07-8995-477F-A505-F0286F52B80D}
	EndGlobalSection
EndGlobal
