
Microsoft Visual Studio Solution File, Format Version 12.00
# Visual Studio Version 17
VisualStudioVersion = 17.14.36221.1 d17.14
MinimumVisualStudioVersion = 10.0.40219.1
Project("{FAE04EC0-301F-11D3-BF4B-00C04F79EFBC}") = "Okay_Prelim_Array", "Okay_Prelim_Array\Okay_Prelim_Array.csproj", "{7C9ACF7B-49E1-4361-956B-F5444667FD44}"
EndProject
Global
	GlobalSection(SolutionConfigurationPlatforms) = preSolution
		Debug|Any CPU = Debug|Any CPU
		Release|Any CPU = Release|Any CPU
	EndGlobalSection
	GlobalSection(ProjectConfigurationPlatforms) = postSolution
		{7C9ACF7B-49E1-4361-956B-F5444667FD44}.Debug|Any CPU.ActiveCfg = Debug|Any CPU
		{7C9ACF7B-49E1-4361-956B-F5444667FD44}.Debug|Any CPU.Build.0 = Debug|Any CPU
		{7C9ACF7B-49E1-4361-956B-F5444667FD44}.Release|Any CPU.ActiveCfg = Release|Any CPU
		{7C9ACF7B-49E1-4361-956B-F5444667FD44}.Release|Any CPU.Build.0 = Release|Any CPU
	EndGlobalSection
	GlobalSection(SolutionProperties) = preSolution
		HideSolutionNode = FALSE
	EndGlobalSection
	GlobalSection(ExtensibilityGlobals) = postSolution
		SolutionGuid = {1027FA73-C748-4B1D-85C2-B09CDB380879}
	EndGlobalSection
EndGlobal
